{
  "pins" : [
    {
      "identity" : "superscript-ios-next",
      "kind" : "remoteSourceControl",
      "location" : "https://github.com/superwall/superscript-ios-next",
      "state" : {
        "revision" : "abb2c8c96e958aabe11a84df67860ad7bbef3b68",
        "version" : "1.0.14"
      }
    },
    {
      "identity" : "superwall-ios",
      "kind" : "remoteSourceControl",
      "location" : "https://github.com/superwall/Superwall-iOS",
      "state" : {
        "revision" : "3c360d5512d9ac1aa4805c63c19c274f8d8ce958",
        "version" : "4.16.1"
      }
    }
  ],
  "version" : 2
}
